
Microsoft Visual Studio Solution File, Format Version 12.00
# Visual Studio 15
VisualStudioVersion = 15.0.28010.2041
MinimumVisualStudioVersion = 10.0.40219.1
Project("{FAE04EC0-301F-11D3-BF4B-00C04F79EFBC}") = "RecipeBook.Android", "RecipeBook\RecipeBook.Android\RecipeBook.Android.csproj", "{79088443-00F5-462C-8B57-FF12AF972B26}"
EndProject
Project("{FAE04EC0-301F-11D3-BF4B-00C04F79EFBC}") = "RecipeBook.iOS", "RecipeBook\RecipeBook.iOS\RecipeBook.iOS.csproj", "{CFC9AE19-FBF9-47A7-8C56-CCC1C199459C}"
EndProject
Project("{FAE04EC0-301F-11D3-BF4B-00C04F79EFBC}") = "RecipeBook.UWP", "RecipeBook\RecipeBook.UWP\RecipeBook.UWP.csproj", "{A53FDE8C-C861-456B-A086-C717A469912B}"
EndProject
Project("{FAE04EC0-301F-11D3-BF4B-00C04F79EFBC}") = "RecipeBook", "RecipeBook\RecipeBook\RecipeBook.csproj", "{80D90277-EF68-4C93-8812-78C49E92220D}"
EndProject
Global
	GlobalSection(SolutionConfigurationPlatforms) = preSolution
		Ad-Hoc|Any CPU = Ad-Hoc|Any CPU
		Ad-Hoc|ARM = Ad-Hoc|ARM
		Ad-Hoc|iPhone = Ad-Hoc|iPhone
		Ad-Hoc|iPhoneSimulator = Ad-Hoc|iPhoneSimulator
		Ad-Hoc|x64 = Ad-Hoc|x64
		Ad-Hoc|x86 = Ad-Hoc|x86
		AppStore|Any CPU = AppStore|Any CPU
		AppStore|ARM = AppStore|ARM
		AppStore|iPhone = AppStore|iPhone
		AppStore|iPhoneSimulator = AppStore|iPhoneSimulator
		AppStore|x64 = AppStore|x64
		AppStore|x86 = AppStore|x86
		Debug|Any CPU = Debug|Any CPU
		Debug|ARM = Debug|ARM
		Debug|iPhone = Debug|iPhone
		Debug|iPhoneSimulator = Debug|iPhoneSimulator
		Debug|x64 = Debug|x64
		Debug|x86 = Debug|x86
		Release|Any CPU = Release|Any CPU
		Release|ARM = Release|ARM
		Release|iPhone = Release|iPhone
		Release|iPhoneSimulator = Release|iPhoneSimulator
		Release|x64 = Release|x64
		Release|x86 = Release|x86
	EndGlobalSection
	GlobalSection(ProjectConfigurationPlatforms) = postSolution
		{79088443-00F5-462C-8B57-FF12AF972B26}.Ad-Hoc|Any CPU.ActiveCfg = Release|Any CPU
		{79088443-00F5-462C-8B57-FF12AF972B26}.Ad-Hoc|Any CPU.Build.0 = Release|Any CPU
		{79088443-00F5-462C-8B57-FF12AF972B26}.Ad-Hoc|Any CPU.Deploy.0 = Release|Any CPU
		{79088443-00F5-462C-8B57-FF12AF972B26}.Ad-Hoc|ARM.ActiveCfg = Release|Any CPU
		{79088443-00F5-462C-8B57-FF12AF972B26}.Ad-Hoc|ARM.Build.0 = Release|Any CPU
		{79088443-00F5-462C-8B57-FF12AF972B26}.Ad-Hoc|ARM.Deploy.0 = Release|Any CPU
		{79088443-00F5-462C-8B57-FF12AF972B26}.Ad-Hoc|iPhone.ActiveCfg = Release|Any CPU
		{79088443-00F5-462C-8B57-FF12AF972B26}.Ad-Hoc|iPhone.Build.0 = Release|Any CPU
		{79088443-00F5-462C-8B57-FF12AF972B26}.Ad-Hoc|iPhone.Deploy.0 = Release|Any CPU
		{79088443-00F5-462C-8B57-FF12AF972B26}.Ad-Hoc|iPhoneSimulator.ActiveCfg = Release|Any CPU
		{79088443-00F5-462C-8B57-FF12AF972B26}.Ad-Hoc|iPhoneSimulator.Build.0 = Release|Any CPU
		{79088443-00F5-462C-8B57-FF12AF972B26}.Ad-Hoc|iPhoneSimulator.Deploy.0 = Release|Any CPU
		{79088443-00F5-462C-8B57-FF12AF972B26}.Ad-Hoc|x64.ActiveCfg = Release|Any CPU
		{79088443-00F5-462C-8B57-FF12AF972B26}.Ad-Hoc|x64.Build.0 = Release|Any CPU
		{79088443-00F5-462C-8B57-FF12AF972B26}.Ad-Hoc|x64.Deploy.0 = Release|Any CPU
		{79088443-00F5-462C-8B57-FF12AF972B26}.Ad-Hoc|x86.ActiveCfg = Release|Any CPU
		{79088443-00F5-462C-8B57-FF12AF972B26}.Ad-Hoc|x86.Build.0 = Release|Any CPU
		{79088443-00F5-462C-8B57-FF12AF972B26}.Ad-Hoc|x86.Deploy.0 = Release|Any CPU
		{79088443-00F5-462C-8B57-FF12AF972B26}.AppStore|Any CPU.ActiveCfg = Release|Any CPU
		{79088443-00F5-462C-8B57-FF12AF972B26}.AppStore|Any CPU.Build.0 = Release|Any CPU
		{79088443-00F5-462C-8B57-FF12AF972B26}.AppStore|Any CPU.Deploy.0 = Release|Any CPU
		{79088443-00F5-462C-8B57-FF12AF972B26}.AppStore|ARM.ActiveCfg = Release|Any CPU
		{79088443-00F5-462C-8B57-FF12AF972B26}.AppStore|ARM.Build.0 = Release|Any CPU
		{79088443-00F5-462C-8B57-FF12AF972B26}.AppStore|ARM.Deploy.0 = Release|Any CPU
		{79088443-00F5-462C-8B57-FF12AF972B26}.AppStore|iPhone.ActiveCfg = Release|Any CPU
		{79088443-00F5-462C-8B57-FF12AF972B26}.AppStore|iPhone.Build.0 = Release|Any CPU
		{79088443-00F5-462C-8B57-FF12AF972B26}.AppStore|iPhone.Deploy.0 = Release|Any CPU
		{79088443-00F5-462C-8B57-FF12AF972B26}.AppStore|iPhoneSimulator.ActiveCfg = Release|Any CPU
		{79088443-00F5-462C-8B57-FF12AF972B26}.AppStore|iPhoneSimulator.Build.0 = Release|Any CPU
		{79088443-00F5-462C-8B57-FF12AF972B26}.AppStore|iPhoneSimulator.Deploy.0 = Release|Any CPU
		{79088443-00F5-462C-8B57-FF12AF972B26}.AppStore|x64.ActiveCfg = Release|Any CPU
		{79088443-00F5-462C-8B57-FF12AF972B26}.AppStore|x64.Build.0 = Release|Any CPU
		{79088443-00F5-462C-8B57-FF12AF972B26}.AppStore|x64.Deploy.0 = Release|Any CPU
		{79088443-00F5-462C-8B57-FF12AF972B26}.AppStore|x86.ActiveCfg = Release|Any CPU
		{79088443-00F5-462C-8B57-FF12AF972B26}.AppStore|x86.Build.0 = Release|Any CPU
		{79088443-00F5-462C-8B57-FF12AF972B26}.AppStore|x86.Deploy.0 = Release|Any CPU
		{79088443-00F5-462C-8B57-FF12AF972B26}.Debug|Any CPU.ActiveCfg = Debug|Any CPU
		{79088443-00F5-462C-8B57-FF12AF972B26}.Debug|Any CPU.Build.0 = Debug|Any CPU
		{79088443-00F5-462C-8B57-FF12AF972B26}.Debug|Any CPU.Deploy.0 = Debug|Any CPU
		{79088443-00F5-462C-8B57-FF12AF972B26}.Debug|ARM.ActiveCfg = Debug|Any CPU
		{79088443-00F5-462C-8B57-FF12AF972B26}.Debug|ARM.Build.0 = Debug|Any CPU
		{79088443-00F5-462C-8B57-FF12AF972B26}.Debug|ARM.Deploy.0 = Debug|Any CPU
		{79088443-00F5-462C-8B57-FF12AF972B26}.Debug|iPhone.ActiveCfg = Debug|Any CPU
		{79088443-00F5-462C-8B57-FF12AF972B26}.Debug|iPhone.Build.0 = Debug|Any CPU
		{79088443-00F5-462C-8B57-FF12AF972B26}.Debug|iPhone.Deploy.0 = Debug|Any CPU
		{79088443-00F5-462C-8B57-FF12AF972B26}.Debug|iPhoneSimulator.ActiveCfg = Debug|Any CPU
		{79088443-00F5-462C-8B57-FF12AF972B26}.Debug|iPhoneSimulator.Build.0 = Debug|Any CPU
		{79088443-00F5-462C-8B57-FF12AF972B26}.Debug|iPhoneSimulator.Deploy.0 = Debug|Any CPU
		{79088443-00F5-462C-8B57-FF12AF972B26}.Debug|x64.ActiveCfg = Debug|Any CPU
		{79088443-00F5-462C-8B57-FF12AF972B26}.Debug|x64.Build.0 = Debug|Any CPU
		{79088443-00F5-462C-8B57-FF12AF972B26}.Debug|x64.Deploy.0 = Debug|Any CPU
		{79088443-00F5-462C-8B57-FF12AF972B26}.Debug|x86.ActiveCfg = Debug|Any CPU
		{79088443-00F5-462C-8B57-FF12AF972B26}.Debug|x86.Build.0 = Debug|Any CPU
		{79088443-00F5-462C-8B57-FF12AF972B26}.Debug|x86.Deploy.0 = Debug|Any CPU
		{79088443-00F5-462C-8B57-FF12AF972B26}.Release|Any CPU.ActiveCfg = Release|Any CPU
		{79088443-00F5-462C-8B57-FF12AF972B26}.Release|Any CPU.Build.0 = Release|Any CPU
		{79088443-00F5-462C-8B57-FF12AF972B26}.Release|Any CPU.Deploy.0 = Release|Any CPU
		{79088443-00F5-462C-8B57-FF12AF972B26}.Release|ARM.ActiveCfg = Release|Any CPU
		{79088443-00F5-462C-8B57-FF12AF972B26}.Release|ARM.Build.0 = Release|Any CPU
		{79088443-00F5-462C-8B57-FF12AF972B26}.Release|ARM.Deploy.0 = Release|Any CPU
		{79088443-00F5-462C-8B57-FF12AF972B26}.Release|iPhone.ActiveCfg = Release|Any CPU
		{79088443-00F5-462C-8B57-FF12AF972B26}.Release|iPhone.Build.0 = Release|Any CPU
		{79088443-00F5-462C-8B57-FF12AF972B26}.Release|iPhone.Deploy.0 = Release|Any CPU
		{79088443-00F5-462C-8B57-FF12AF972B26}.Release|iPhoneSimulator.ActiveCfg = Release|Any CPU
		{79088443-00F5-462C-8B57-FF12AF972B26}.Release|iPhoneSimulator.Build.0 = Release|Any CPU
		{79088443-00F5-462C-8B57-FF12AF972B26}.Release|iPhoneSimulator.Deploy.0 = Release|Any CPU
		{79088443-00F5-462C-8B57-FF12AF972B26}.Release|x64.ActiveCfg = Release|Any CPU
		{79088443-00F5-462C-8B57-FF12AF972B26}.Release|x64.Build.0 = Release|Any CPU
		{79088443-00F5-462C-8B57-FF12AF972B26}.Release|x64.Deploy.0 = Release|Any CPU
		{79088443-00F5-462C-8B57-FF12AF972B26}.Release|x86.ActiveCfg = Release|Any CPU
		{79088443-00F5-462C-8B57-FF12AF972B26}.Release|x86.Build.0 = Release|Any CPU
		{79088443-00F5-462C-8B57-FF12AF972B26}.Release|x86.Deploy.0 = Release|Any CPU
		{CFC9AE19-FBF9-47A7-8C56-CCC1C199459C}.Ad-Hoc|Any CPU.ActiveCfg = Ad-Hoc|iPhone
		{CFC9AE19-FBF9-47A7-8C56-CCC1C199459C}.Ad-Hoc|Any CPU.Build.0 = Ad-Hoc|iPhone
		{CFC9AE19-FBF9-47A7-8C56-CCC1C199459C}.Ad-Hoc|Any CPU.Deploy.0 = Ad-Hoc|iPhone
		{CFC9AE19-FBF9-47A7-8C56-CCC1C199459C}.Ad-Hoc|ARM.ActiveCfg = Ad-Hoc|iPhone
		{CFC9AE19-FBF9-47A7-8C56-CCC1C199459C}.Ad-Hoc|ARM.Build.0 = Ad-Hoc|iPhone
		{CFC9AE19-FBF9-47A7-8C56-CCC1C199459C}.Ad-Hoc|ARM.Deploy.0 = Ad-Hoc|iPhone
		{CFC9AE19-FBF9-47A7-8C56-CCC1C199459C}.Ad-Hoc|iPhone.ActiveCfg = Ad-Hoc|iPhone
		{CFC9AE19-FBF9-47A7-8C56-CCC1C199459C}.Ad-Hoc|iPhone.Build.0 = Ad-Hoc|iPhone
		{CFC9AE19-FBF9-47A7-8C56-CCC1C199459C}.Ad-Hoc|iPhone.Deploy.0 = Ad-Hoc|iPhone
		{CFC9AE19-FBF9-47A7-8C56-CCC1C199459C}.Ad-Hoc|iPhoneSimulator.ActiveCfg = Ad-Hoc|iPhoneSimulator
		{CFC9AE19-FBF9-47A7-8C56-CCC1C199459C}.Ad-Hoc|iPhoneSimulator.Build.0 = Ad-Hoc|iPhoneSimulator
		{CFC9AE19-FBF9-47A7-8C56-CCC1C199459C}.Ad-Hoc|iPhoneSimulator.Deploy.0 = Ad-Hoc|iPhoneSimulator
		{CFC9AE19-FBF9-47A7-8C56-CCC1C199459C}.Ad-Hoc|x64.ActiveCfg = Ad-Hoc|iPhone
		{CFC9AE19-FBF9-47A7-8C56-CCC1C199459C}.Ad-Hoc|x64.Build.0 = Ad-Hoc|iPhone
		{CFC9AE19-FBF9-47A7-8C56-CCC1C199459C}.Ad-Hoc|x64.Deploy.0 = Ad-Hoc|iPhone
		{CFC9AE19-FBF9-47A7-8C56-CCC1C199459C}.Ad-Hoc|x86.ActiveCfg = Ad-Hoc|iPhone
		{CFC9AE19-FBF9-47A7-8C56-CCC1C199459C}.Ad-Hoc|x86.Build.0 = Ad-Hoc|iPhone
		{CFC9AE19-FBF9-47A7-8C56-CCC1C199459C}.Ad-Hoc|x86.Deploy.0 = Ad-Hoc|iPhone
		{CFC9AE19-FBF9-47A7-8C56-CCC1C199459C}.AppStore|Any CPU.ActiveCfg = AppStore|iPhone
		{CFC9AE19-FBF9-47A7-8C56-CCC1C199459C}.AppStore|Any CPU.Build.0 = AppStore|iPhone
		{CFC9AE19-FBF9-47A7-8C56-CCC1C199459C}.AppStore|Any CPU.Deploy.0 = AppStore|iPhone
		{CFC9AE19-FBF9-47A7-8C56-CCC1C199459C}.AppStore|ARM.ActiveCfg = AppStore|iPhone
		{CFC9AE19-FBF9-47A7-8C56-CCC1C199459C}.AppStore|ARM.Build.0 = AppStore|iPhone
		{CFC9AE19-FBF9-47A7-8C56-CCC1C199459C}.AppStore|ARM.Deploy.0 = AppStore|iPhone
		{CFC9AE19-FBF9-47A7-8C56-CCC1C199459C}.AppStore|iPhone.ActiveCfg = AppStore|iPhone
		{CFC9AE19-FBF9-47A7-8C56-CCC1C199459C}.AppStore|iPhone.Build.0 = AppStore|iPhone
		{CFC9AE19-FBF9-47A7-8C56-CCC1C199459C}.AppStore|iPhone.Deploy.0 = AppStore|iPhone
		{CFC9AE19-FBF9-47A7-8C56-CCC1C199459C}.AppStore|iPhoneSimulator.ActiveCfg = AppStore|iPhoneSimulator
		{CFC9AE19-FBF9-47A7-8C56-CCC1C199459C}.AppStore|iPhoneSimulator.Build.0 = AppStore|iPhoneSimulator
		{CFC9AE19-FBF9-47A7-8C56-CCC1C199459C}.AppStore|iPhoneSimulator.Deploy.0 = AppStore|iPhoneSimulator
		{CFC9AE19-FBF9-47A7-8C56-CCC1C199459C}.AppStore|x64.ActiveCfg = AppStore|iPhone
		{CFC9AE19-FBF9-47A7-8C56-CCC1C199459C}.AppStore|x64.Build.0 = AppStore|iPhone
		{CFC9AE19-FBF9-47A7-8C56-CCC1C199459C}.AppStore|x64.Deploy.0 = AppStore|iPhone
		{CFC9AE19-FBF9-47A7-8C56-CCC1C199459C}.AppStore|x86.ActiveCfg = AppStore|iPhone
		{CFC9AE19-FBF9-47A7-8C56-CCC1C199459C}.AppStore|x86.Build.0 = AppStore|iPhone
		{CFC9AE19-FBF9-47A7-8C56-CCC1C199459C}.AppStore|x86.Deploy.0 = AppStore|iPhone
		{CFC9AE19-FBF9-47A7-8C56-CCC1C199459C}.Debug|Any CPU.ActiveCfg = Debug|iPhoneSimulator
		{CFC9AE19-FBF9-47A7-8C56-CCC1C199459C}.Debug|Any CPU.Build.0 = Debug|iPhoneSimulator
		{CFC9AE19-FBF9-47A7-8C56-CCC1C199459C}.Debug|Any CPU.Deploy.0 = Debug|iPhoneSimulator
		{CFC9AE19-FBF9-47A7-8C56-CCC1C199459C}.Debug|ARM.ActiveCfg = Debug|iPhone
		{CFC9AE19-FBF9-47A7-8C56-CCC1C199459C}.Debug|ARM.Build.0 = Debug|iPhone
		{CFC9AE19-FBF9-47A7-8C56-CCC1C199459C}.Debug|ARM.Deploy.0 = Debug|iPhone
		{CFC9AE19-FBF9-47A7-8C56-CCC1C199459C}.Debug|iPhone.ActiveCfg = Debug|iPhone
		{CFC9AE19-FBF9-47A7-8C56-CCC1C199459C}.Debug|iPhone.Build.0 = Debug|iPhone
		{CFC9AE19-FBF9-47A7-8C56-CCC1C199459C}.Debug|iPhone.Deploy.0 = Debug|iPhone
		{CFC9AE19-FBF9-47A7-8C56-CCC1C199459C}.Debug|iPhoneSimulator.ActiveCfg = Debug|iPhoneSimulator
		{CFC9AE19-FBF9-47A7-8C56-CCC1C199459C}.Debug|iPhoneSimulator.Build.0 = Debug|iPhoneSimulator
		{CFC9AE19-FBF9-47A7-8C56-CCC1C199459C}.Debug|iPhoneSimulator.Deploy.0 = Debug|iPhoneSimulator
		{CFC9AE19-FBF9-47A7-8C56-CCC1C199459C}.Debug|x64.ActiveCfg = Debug|iPhone
		{CFC9AE19-FBF9-47A7-8C56-CCC1C199459C}.Debug|x64.Build.0 = Debug|iPhone
		{CFC9AE19-FBF9-47A7-8C56-CCC1C199459C}.Debug|x64.Deploy.0 = Debug|iPhone
		{CFC9AE19-FBF9-47A7-8C56-CCC1C199459C}.Debug|x86.ActiveCfg = Debug|iPhone
		{CFC9AE19-FBF9-47A7-8C56-CCC1C199459C}.Debug|x86.Build.0 = Debug|iPhone
		{CFC9AE19-FBF9-47A7-8C56-CCC1C199459C}.Debug|x86.Deploy.0 = Debug|iPhone
		{CFC9AE19-FBF9-47A7-8C56-CCC1C199459C}.Release|Any CPU.ActiveCfg = Release|iPhone
		{CFC9AE19-FBF9-47A7-8C56-CCC1C199459C}.Release|Any CPU.Build.0 = Release|iPhone
		{CFC9AE19-FBF9-47A7-8C56-CCC1C199459C}.Release|Any CPU.Deploy.0 = Release|iPhone
		{CFC9AE19-FBF9-47A7-8C56-CCC1C199459C}.Release|ARM.ActiveCfg = Release|iPhone
		{CFC9AE19-FBF9-47A7-8C56-CCC1C199459C}.Release|ARM.Build.0 = Release|iPhone
		{CFC9AE19-FBF9-47A7-8C56-CCC1C199459C}.Release|ARM.Deploy.0 = Release|iPhone
		{CFC9AE19-FBF9-47A7-8C56-CCC1C199459C}.Release|iPhone.ActiveCfg = Release|iPhone
		{CFC9AE19-FBF9-47A7-8C56-CCC1C199459C}.Release|iPhone.Build.0 = Release|iPhone
		{CFC9AE19-FBF9-47A7-8C56-CCC1C199459C}.Release|iPhone.Deploy.0 = Release|iPhone
		{CFC9AE19-FBF9-47A7-8C56-CCC1C199459C}.Release|iPhoneSimulator.ActiveCfg = Release|iPhoneSimulator
		{CFC9AE19-FBF9-47A7-8C56-CCC1C199459C}.Release|iPhoneSimulator.Build.0 = Release|iPhoneSimulator
		{CFC9AE19-FBF9-47A7-8C56-CCC1C199459C}.Release|iPhoneSimulator.Deploy.0 = Release|iPhoneSimulator
		{CFC9AE19-FBF9-47A7-8C56-CCC1C199459C}.Release|x64.ActiveCfg = Release|iPhone
		{CFC9AE19-FBF9-47A7-8C56-CCC1C199459C}.Release|x64.Build.0 = Release|iPhone
		{CFC9AE19-FBF9-47A7-8C56-CCC1C199459C}.Release|x64.Deploy.0 = Release|iPhone
		{CFC9AE19-FBF9-47A7-8C56-CCC1C199459C}.Release|x86.ActiveCfg = Release|iPhone
		{CFC9AE19-FBF9-47A7-8C56-CCC1C199459C}.Release|x86.Build.0 = Release|iPhone
		{CFC9AE19-FBF9-47A7-8C56-CCC1C199459C}.Release|x86.Deploy.0 = Release|iPhone
		{A53FDE8C-C861-456B-A086-C717A469912B}.Ad-Hoc|Any CPU.ActiveCfg = Release|x86
		{A53FDE8C-C861-456B-A086-C717A469912B}.Ad-Hoc|Any CPU.Build.0 = Release|x86
		{A53FDE8C-C861-456B-A086-C717A469912B}.Ad-Hoc|Any CPU.Deploy.0 = Release|x86
		{A53FDE8C-C861-456B-A086-C717A469912B}.Ad-Hoc|ARM.ActiveCfg = Release|ARM
		{A53FDE8C-C861-456B-A086-C717A469912B}.Ad-Hoc|ARM.Build.0 = Release|ARM
		{A53FDE8C-C861-456B-A086-C717A469912B}.Ad-Hoc|ARM.Deploy.0 = Release|ARM
		{A53FDE8C-C861-456B-A086-C717A469912B}.Ad-Hoc|iPhone.ActiveCfg = Release|x86
		{A53FDE8C-C861-456B-A086-C717A469912B}.Ad-Hoc|iPhone.Build.0 = Release|x86
		{A53FDE8C-C861-456B-A086-C717A469912B}.Ad-Hoc|iPhone.Deploy.0 = Release|x86
		{A53FDE8C-C861-456B-A086-C717A469912B}.Ad-Hoc|iPhoneSimulator.ActiveCfg = Release|x86
		{A53FDE8C-C861-456B-A086-C717A469912B}.Ad-Hoc|iPhoneSimulator.Build.0 = Release|x86
		{A53FDE8C-C861-456B-A086-C717A469912B}.Ad-Hoc|iPhoneSimulator.Deploy.0 = Release|x86
		{A53FDE8C-C861-456B-A086-C717A469912B}.Ad-Hoc|x64.ActiveCfg = Release|x64
		{A53FDE8C-C861-456B-A086-C717A469912B}.Ad-Hoc|x64.Build.0 = Release|x64
		{A53FDE8C-C861-456B-A086-C717A469912B}.Ad-Hoc|x64.Deploy.0 = Release|x64
		{A53FDE8C-C861-456B-A086-C717A469912B}.Ad-Hoc|x86.ActiveCfg = Release|x86
		{A53FDE8C-C861-456B-A086-C717A469912B}.Ad-Hoc|x86.Build.0 = Release|x86
		{A53FDE8C-C861-456B-A086-C717A469912B}.Ad-Hoc|x86.Deploy.0 = Release|x86
		{A53FDE8C-C861-456B-A086-C717A469912B}.AppStore|Any CPU.ActiveCfg = Release|x86
		{A53FDE8C-C861-456B-A086-C717A469912B}.AppStore|Any CPU.Build.0 = Release|x86
		{A53FDE8C-C861-456B-A086-C717A469912B}.AppStore|Any CPU.Deploy.0 = Release|x86
		{A53FDE8C-C861-456B-A086-C717A469912B}.AppStore|ARM.ActiveCfg = Release|ARM
		{A53FDE8C-C861-456B-A086-C717A469912B}.AppStore|ARM.Build.0 = Release|ARM
		{A53FDE8C-C861-456B-A086-C717A469912B}.AppStore|ARM.Deploy.0 = Release|ARM
		{A53FDE8C-C861-456B-A086-C717A469912B}.AppStore|iPhone.ActiveCfg = Release|x86
		{A53FDE8C-C861-456B-A086-C717A469912B}.AppStore|iPhone.Build.0 = Release|x86
		{A53FDE8C-C861-456B-A086-C717A469912B}.AppStore|iPhone.Deploy.0 = Release|x86
		{A53FDE8C-C861-456B-A086-C717A469912B}.AppStore|iPhoneSimulator.ActiveCfg = Release|x86
		{A53FDE8C-C861-456B-A086-C717A469912B}.AppStore|iPhoneSimulator.Build.0 = Release|x86
		{A53FDE8C-C861-456B-A086-C717A469912B}.AppStore|iPhoneSimulator.Deploy.0 = Release|x86
		{A53FDE8C-C861-456B-A086-C717A469912B}.AppStore|x64.ActiveCfg = Release|x64
		{A53FDE8C-C861-456B-A086-C717A469912B}.AppStore|x64.Build.0 = Release|x64
		{A53FDE8C-C861-456B-A086-C717A469912B}.AppStore|x64.Deploy.0 = Release|x64
		{A53FDE8C-C861-456B-A086-C717A469912B}.AppStore|x86.ActiveCfg = Release|x86
		{A53FDE8C-C861-456B-A086-C717A469912B}.AppStore|x86.Build.0 = Release|x86
		{A53FDE8C-C861-456B-A086-C717A469912B}.AppStore|x86.Deploy.0 = Release|x86
		{A53FDE8C-C861-456B-A086-C717A469912B}.Debug|Any CPU.ActiveCfg = Debug|x86
		{A53FDE8C-C861-456B-A086-C717A469912B}.Debug|Any CPU.Build.0 = Debug|x86
		{A53FDE8C-C861-456B-A086-C717A469912B}.Debug|Any CPU.Deploy.0 = Debug|x86
		{A53FDE8C-C861-456B-A086-C717A469912B}.Debug|ARM.ActiveCfg = Debug|ARM
		{A53FDE8C-C861-456B-A086-C717A469912B}.Debug|ARM.Build.0 = Debug|ARM
		{A53FDE8C-C861-456B-A086-C717A469912B}.Debug|ARM.Deploy.0 = Debug|ARM
		{A53FDE8C-C861-456B-A086-C717A469912B}.Debug|iPhone.ActiveCfg = Debug|x86
		{A53FDE8C-C861-456B-A086-C717A469912B}.Debug|iPhone.Build.0 = Debug|x86
		{A53FDE8C-C861-456B-A086-C717A469912B}.Debug|iPhone.Deploy.0 = Debug|x86
		{A53FDE8C-C861-456B-A086-C717A469912B}.Debug|iPhoneSimulator.ActiveCfg = Debug|x86
		{A53FDE8C-C861-456B-A086-C717A469912B}.Debug|iPhoneSimulator.Build.0 = Debug|x86
		{A53FDE8C-C861-456B-A086-C717A469912B}.Debug|iPhoneSimulator.Deploy.0 = Debug|x86
		{A53FDE8C-C861-456B-A086-C717A469912B}.Debug|x64.ActiveCfg = Debug|x64
		{A53FDE8C-C861-456B-A086-C717A469912B}.Debug|x64.Build.0 = Debug|x64
		{A53FDE8C-C861-456B-A086-C717A469912B}.Debug|x64.Deploy.0 = Debug|x64
		{A53FDE8C-C861-456B-A086-C717A469912B}.Debug|x86.ActiveCfg = Debug|x86
		{A53FDE8C-C861-456B-A086-C717A469912B}.Debug|x86.Build.0 = Debug|x86
		{A53FDE8C-C861-456B-A086-C717A469912B}.Debug|x86.Deploy.0 = Debug|x86
		{A53FDE8C-C861-456B-A086-C717A469912B}.Release|Any CPU.ActiveCfg = Release|x86
		{A53FDE8C-C861-456B-A086-C717A469912B}.Release|Any CPU.Build.0 = Release|x86
		{A53FDE8C-C861-456B-A086-C717A469912B}.Release|Any CPU.Deploy.0 = Release|x86
		{A53FDE8C-C861-456B-A086-C717A469912B}.Release|ARM.ActiveCfg = Release|ARM
		{A53FDE8C-C861-456B-A086-C717A469912B}.Release|ARM.Build.0 = Release|ARM
		{A53FDE8C-C861-456B-A086-C717A469912B}.Release|ARM.Deploy.0 = Release|ARM
		{A53FDE8C-C861-456B-A086-C717A469912B}.Release|iPhone.ActiveCfg = Release|x86
		{A53FDE8C-C861-456B-A086-C717A469912B}.Release|iPhone.Build.0 = Release|x86
		{A53FDE8C-C861-456B-A086-C717A469912B}.Release|iPhone.Deploy.0 = Release|x86
		{A53FDE8C-C861-456B-A086-C717A469912B}.Release|iPhoneSimulator.ActiveCfg = Release|x86
		{A53FDE8C-C861-456B-A086-C717A469912B}.Release|iPhoneSimulator.Build.0 = Release|x86
		{A53FDE8C-C861-456B-A086-C717A469912B}.Release|iPhoneSimulator.Deploy.0 = Release|x86
		{A53FDE8C-C861-456B-A086-C717A469912B}.Release|x64.ActiveCfg = Release|x64
		{A53FDE8C-C861-456B-A086-C717A469912B}.Release|x64.Build.0 = Release|x64
		{A53FDE8C-C861-456B-A086-C717A469912B}.Release|x64.Deploy.0 = Release|x64
		{A53FDE8C-C861-456B-A086-C717A469912B}.Release|x86.ActiveCfg = Release|x86
		{A53FDE8C-C861-456B-A086-C717A469912B}.Release|x86.Build.0 = Release|x86
		{A53FDE8C-C861-456B-A086-C717A469912B}.Release|x86.Deploy.0 = Release|x86
		{80D90277-EF68-4C93-8812-78C49E92220D}.Ad-Hoc|Any CPU.ActiveCfg = Debug|Any CPU
		{80D90277-EF68-4C93-8812-78C49E92220D}.Ad-Hoc|Any CPU.Build.0 = Debug|Any CPU
		{80D90277-EF68-4C93-8812-78C49E92220D}.Ad-Hoc|Any CPU.Deploy.0 = Debug|Any CPU
		{80D90277-EF68-4C93-8812-78C49E92220D}.Ad-Hoc|ARM.ActiveCfg = Debug|Any CPU
		{80D90277-EF68-4C93-8812-78C49E92220D}.Ad-Hoc|ARM.Build.0 = Debug|Any CPU
		{80D90277-EF68-4C93-8812-78C49E92220D}.Ad-Hoc|ARM.Deploy.0 = Debug|Any CPU
		{80D90277-EF68-4C93-8812-78C49E92220D}.Ad-Hoc|iPhone.ActiveCfg = Debug|Any CPU
		{80D90277-EF68-4C93-8812-78C49E92220D}.Ad-Hoc|iPhone.Build.0 = Debug|Any CPU
		{80D90277-EF68-4C93-8812-78C49E92220D}.Ad-Hoc|iPhone.Deploy.0 = Debug|Any CPU
		{80D90277-EF68-4C93-8812-78C49E92220D}.Ad-Hoc|iPhoneSimulator.ActiveCfg = Debug|Any CPU
		{80D90277-EF68-4C93-8812-78C49E92220D}.Ad-Hoc|iPhoneSimulator.Build.0 = Debug|Any CPU
		{80D90277-EF68-4C93-8812-78C49E92220D}.Ad-Hoc|iPhoneSimulator.Deploy.0 = Debug|Any CPU
		{80D90277-EF68-4C93-8812-78C49E92220D}.Ad-Hoc|x64.ActiveCfg = Debug|Any CPU
		{80D90277-EF68-4C93-8812-78C49E92220D}.Ad-Hoc|x64.Build.0 = Debug|Any CPU
		{80D90277-EF68-4C93-8812-78C49E92220D}.Ad-Hoc|x64.Deploy.0 = Debug|Any CPU
		{80D90277-EF68-4C93-8812-78C49E92220D}.Ad-Hoc|x86.ActiveCfg = Debug|Any CPU
		{80D90277-EF68-4C93-8812-78C49E92220D}.Ad-Hoc|x86.Build.0 = Debug|Any CPU
		{80D90277-EF68-4C93-8812-78C49E92220D}.Ad-Hoc|x86.Deploy.0 = Debug|Any CPU
		{80D90277-EF68-4C93-8812-78C49E92220D}.AppStore|Any CPU.ActiveCfg = Debug|Any CPU
		{80D90277-EF68-4C93-8812-78C49E92220D}.AppStore|Any CPU.Build.0 = Debug|Any CPU
		{80D90277-EF68-4C93-8812-78C49E92220D}.AppStore|Any CPU.Deploy.0 = Debug|Any CPU
		{80D90277-EF68-4C93-8812-78C49E92220D}.AppStore|ARM.ActiveCfg = Debug|Any CPU
		{80D90277-EF68-4C93-8812-78C49E92220D}.AppStore|ARM.Build.0 = Debug|Any CPU
		{80D90277-EF68-4C93-8812-78C49E92220D}.AppStore|ARM.Deploy.0 = Debug|Any CPU
		{80D90277-EF68-4C93-8812-78C49E92220D}.AppStore|iPhone.ActiveCfg = Debug|Any CPU
		{80D90277-EF68-4C93-8812-78C49E92220D}.AppStore|iPhone.Build.0 = Debug|Any CPU
		{80D90277-EF68-4C93-8812-78C49E92220D}.AppStore|iPhone.Deploy.0 = Debug|Any CPU
		{80D90277-EF68-4C93-8812-78C49E92220D}.AppStore|iPhoneSimulator.ActiveCfg = Debug|Any CPU
		{80D90277-EF68-4C93-8812-78C49E92220D}.AppStore|iPhoneSimulator.Build.0 = Debug|Any CPU
		{80D90277-EF68-4C93-8812-78C49E92220D}.AppStore|iPhoneSimulator.Deploy.0 = Debug|Any CPU
		{80D90277-EF68-4C93-8812-78C49E92220D}.AppStore|x64.ActiveCfg = Debug|Any CPU
		{80D90277-EF68-4C93-8812-78C49E92220D}.AppStore|x64.Build.0 = Debug|Any CPU
		{80D90277-EF68-4C93-8812-78C49E92220D}.AppStore|x64.Deploy.0 = Debug|Any CPU
		{80D90277-EF68-4C93-8812-78C49E92220D}.AppStore|x86.ActiveCfg = Debug|Any CPU
		{80D90277-EF68-4C93-8812-78C49E92220D}.AppStore|x86.Build.0 = Debug|Any CPU
		{80D90277-EF68-4C93-8812-78C49E92220D}.AppStore|x86.Deploy.0 = Debug|Any CPU
		{80D90277-EF68-4C93-8812-78C49E92220D}.Debug|Any CPU.ActiveCfg = Debug|Any CPU
		{80D90277-EF68-4C93-8812-78C49E92220D}.Debug|Any CPU.Build.0 = Debug|Any CPU
		{80D90277-EF68-4C93-8812-78C49E92220D}.Debug|Any CPU.Deploy.0 = Debug|Any CPU
		{80D90277-EF68-4C93-8812-78C49E92220D}.Debug|ARM.ActiveCfg = Debug|Any CPU
		{80D90277-EF68-4C93-8812-78C49E92220D}.Debug|ARM.Build.0 = Debug|Any CPU
		{80D90277-EF68-4C93-8812-78C49E92220D}.Debug|ARM.Deploy.0 = Debug|Any CPU
		{80D90277-EF68-4C93-8812-78C49E92220D}.Debug|iPhone.ActiveCfg = Debug|Any CPU
		{80D90277-EF68-4C93-8812-78C49E92220D}.Debug|iPhone.Build.0 = Debug|Any CPU
		{80D90277-EF68-4C93-8812-78C49E92220D}.Debug|iPhone.Deploy.0 = Debug|Any CPU
		{80D90277-EF68-4C93-8812-78C49E92220D}.Debug|iPhoneSimulator.ActiveCfg = Debug|Any CPU
		{80D90277-EF68-4C93-8812-78C49E92220D}.Debug|iPhoneSimulator.Build.0 = Debug|Any CPU
		{80D90277-EF68-4C93-8812-78C49E92220D}.Debug|iPhoneSimulator.Deploy.0 = Debug|Any CPU
		{80D90277-EF68-4C93-8812-78C49E92220D}.Debug|x64.ActiveCfg = Debug|Any CPU
		{80D90277-EF68-4C93-8812-78C49E92220D}.Debug|x64.Build.0 = Debug|Any CPU
		{80D90277-EF68-4C93-8812-78C49E92220D}.Debug|x64.Deploy.0 = Debug|Any CPU
		{80D90277-EF68-4C93-8812-78C49E92220D}.Debug|x86.ActiveCfg = Debug|Any CPU
		{80D90277-EF68-4C93-8812-78C49E92220D}.Debug|x86.Build.0 = Debug|Any CPU
		{80D90277-EF68-4C93-8812-78C49E92220D}.Debug|x86.Deploy.0 = Debug|Any CPU
		{80D90277-EF68-4C93-8812-78C49E92220D}.Release|Any CPU.ActiveCfg = Release|Any CPU
		{80D90277-EF68-4C93-8812-78C49E92220D}.Release|Any CPU.Build.0 = Release|Any CPU
		{80D90277-EF68-4C93-8812-78C49E92220D}.Release|Any CPU.Deploy.0 = Release|Any CPU
		{80D90277-EF68-4C93-8812-78C49E92220D}.Release|ARM.ActiveCfg = Release|Any CPU
		{80D90277-EF68-4C93-8812-78C49E92220D}.Release|ARM.Build.0 = Release|Any CPU
		{80D90277-EF68-4C93-8812-78C49E92220D}.Release|ARM.Deploy.0 = Release|Any CPU
		{80D90277-EF68-4C93-8812-78C49E92220D}.Release|iPhone.ActiveCfg = Release|Any CPU
		{80D90277-EF68-4C93-8812-78C49E92220D}.Release|iPhone.Build.0 = Release|Any CPU
		{80D90277-EF68-4C93-8812-78C49E92220D}.Release|iPhone.Deploy.0 = Release|Any CPU
		{80D90277-EF68-4C93-8812-78C49E92220D}.Release|iPhoneSimulator.ActiveCfg = Release|Any CPU
		{80D90277-EF68-4C93-8812-78C49E92220D}.Release|iPhoneSimulator.Build.0 = Release|Any CPU
		{80D90277-EF68-4C93-8812-78C49E92220D}.Release|iPhoneSimulator.Deploy.0 = Release|Any CPU
		{80D90277-EF68-4C93-8812-78C49E92220D}.Release|x64.ActiveCfg = Release|Any CPU
		{80D90277-EF68-4C93-8812-78C49E92220D}.Release|x64.Build.0 = Release|Any CPU
		{80D90277-EF68-4C93-8812-78C49E92220D}.Release|x64.Deploy.0 = Release|Any CPU
		{80D90277-EF68-4C93-8812-78C49E92220D}.Release|x86.ActiveCfg = Release|Any CPU
		{80D90277-EF68-4C93-8812-78C49E92220D}.Release|x86.Build.0 = Release|Any CPU
		{80D90277-EF68-4C93-8812-78C49E92220D}.Release|x86.Deploy.0 = Release|Any CPU
	EndGlobalSection
	GlobalSection(SolutionProperties) = preSolution
		HideSolutionNode = FALSE
	EndGlobalSection
	GlobalSection(ExtensibilityGlobals) = postSolution
		SolutionGuid = {13F86194-4562-497B-9B6E-7CEF47D8FD60}
	EndGlobalSection
EndGlobal
